
Microsoft Visual Studio Solution File, Format Version 12.00
# Visual Studio Version 16
VisualStudioVersion = 16.0.31729.503
MinimumVisualStudioVersion = 10.0.40219.1
Project("{FAE04EC0-301F-11D3-BF4B-00C04F79EFBC}") = "ComponenteAccesoDatos", "ComponenteAccesoDatos\ComponenteAccesoDatos.csproj", "{59ECA588-F069-4A41-BB67-A1CCC76914BC}"
EndProject
Project("{7CF6DF6D-3B04-46F8-A40B-537D21BCA0B4}") = "Documentacion_ComponenteAccesoDatos", "Documentacion_ComponenteAccesoDatos\Documentacion_ComponenteAccesoDatos.shfbproj", "{22662084-FF48-4E12-BBE5-5AC4052B22BE}"
EndProject
Project("{FAE04EC0-301F-11D3-BF4B-00C04F79EFBC}") = "CustomControls", "CustomControls\CustomControls.csproj", "{8084383A-A5A4-4ACD-99D5-556013B5E278}"
EndProject
Project("{FAE04EC0-301F-11D3-BF4B-00C04F79EFBC}") = "aplicacionPrincipal", "aplicacionPrincipal\aplicacionPrincipal.csproj", "{8F54BAA8-A22A-4852-9C46-483E5F1BB907}"
EndProject
Project("{FAE04EC0-301F-11D3-BF4B-00C04F79EFBC}") = "FormBase", "FormBase\FormBase.csproj", "{2B905777-BB0F-41C1-8D20-940FAA9ABD69}"
EndProject
Project("{FAE04EC0-301F-11D3-BF4B-00C04F79EFBC}") = "Crystal-Reports", "Crystal-Reports\Crystal-Reports.csproj", "{C60F7832-27A8-4092-B87C-6CDCDBF28C2B}"
EndProject
Project("{FAE04EC0-301F-11D3-BF4B-00C04F79EFBC}") = "FormsTratamientoDatos", "FormsTratamientoDatos\FormsTratamientoDatos.csproj", "{B45C8E5E-2EF5-4661-AFB6-37C8629422D4}"
EndProject
Global
	GlobalSection(SolutionConfigurationPlatforms) = preSolution
		Debug|Any CPU = Debug|Any CPU
		Release|Any CPU = Release|Any CPU
	EndGlobalSection
	GlobalSection(ProjectConfigurationPlatforms) = postSolution
		{59ECA588-F069-4A41-BB67-A1CCC76914BC}.Debug|Any CPU.ActiveCfg = Debug|Any CPU
		{59ECA588-F069-4A41-BB67-A1CCC76914BC}.Debug|Any CPU.Build.0 = Debug|Any CPU
		{59ECA588-F069-4A41-BB67-A1CCC76914BC}.Release|Any CPU.ActiveCfg = Release|Any CPU
		{59ECA588-F069-4A41-BB67-A1CCC76914BC}.Release|Any CPU.Build.0 = Release|Any CPU
		{22662084-FF48-4E12-BBE5-5AC4052B22BE}.Debug|Any CPU.ActiveCfg = Debug|Any CPU
		{22662084-FF48-4E12-BBE5-5AC4052B22BE}.Debug|Any CPU.Build.0 = Debug|Any CPU
		{22662084-FF48-4E12-BBE5-5AC4052B22BE}.Release|Any CPU.ActiveCfg = Release|Any CPU
		{22662084-FF48-4E12-BBE5-5AC4052B22BE}.Release|Any CPU.Build.0 = Release|Any CPU
		{8084383A-A5A4-4ACD-99D5-556013B5E278}.Debug|Any CPU.ActiveCfg = Debug|Any CPU
		{8084383A-A5A4-4ACD-99D5-556013B5E278}.Debug|Any CPU.Build.0 = Debug|Any CPU
		{8084383A-A5A4-4ACD-99D5-556013B5E278}.Release|Any CPU.ActiveCfg = Release|Any CPU
		{8084383A-A5A4-4ACD-99D5-556013B5E278}.Release|Any CPU.Build.0 = Release|Any CPU
		{8F54BAA8-A22A-4852-9C46-483E5F1BB907}.Debug|Any CPU.ActiveCfg = Debug|Any CPU
		{8F54BAA8-A22A-4852-9C46-483E5F1BB907}.Debug|Any CPU.Build.0 = Debug|Any CPU
		{8F54BAA8-A22A-4852-9C46-483E5F1BB907}.Release|Any CPU.ActiveCfg = Release|Any CPU
		{8F54BAA8-A22A-4852-9C46-483E5F1BB907}.Release|Any CPU.Build.0 = Release|Any CPU
		{2B905777-BB0F-41C1-8D20-940FAA9ABD69}.Debug|Any CPU.ActiveCfg = Debug|Any CPU
		{2B905777-BB0F-41C1-8D20-940FAA9ABD69}.Debug|Any CPU.Build.0 = Debug|Any CPU
		{2B905777-BB0F-41C1-8D20-940FAA9ABD69}.Release|Any CPU.ActiveCfg = Release|Any CPU
		{2B905777-BB0F-41C1-8D20-940FAA9ABD69}.Release|Any CPU.Build.0 = Release|Any CPU
		{C60F7832-27A8-4092-B87C-6CDCDBF28C2B}.Debug|Any CPU.ActiveCfg = Debug|Any CPU
		{C60F7832-27A8-4092-B87C-6CDCDBF28C2B}.Debug|Any CPU.Build.0 = Debug|Any CPU
		{C60F7832-27A8-4092-B87C-6CDCDBF28C2B}.Release|Any CPU.ActiveCfg = Release|Any CPU
		{C60F7832-27A8-4092-B87C-6CDCDBF28C2B}.Release|Any CPU.Build.0 = Release|Any CPU
		{B45C8E5E-2EF5-4661-AFB6-37C8629422D4}.Debug|Any CPU.ActiveCfg = Debug|Any CPU
		{B45C8E5E-2EF5-4661-AFB6-37C8629422D4}.Debug|Any CPU.Build.0 = Debug|Any CPU
		{B45C8E5E-2EF5-4661-AFB6-37C8629422D4}.Release|Any CPU.ActiveCfg = Release|Any CPU
		{B45C8E5E-2EF5-4661-AFB6-37C8629422D4}.Release|Any CPU.Build.0 = Release|Any CPU
	EndGlobalSection
	GlobalSection(SolutionProperties) = preSolution
		HideSolutionNode = FALSE
	EndGlobalSection
	GlobalSection(ExtensibilityGlobals) = postSolution
		SolutionGuid = {9E1013FB-BAF8-4CC0-ADFB-9CC127EC695F}
	EndGlobalSection
EndGlobal
